
Microsoft Visual Studio Solution File, Format Version 12.00
# Visual Studio Version 16
VisualStudioVersion = 16.0.30907.101
MinimumVisualStudioVersion = 10.0.40219.1
Project("{FAE04EC0-301F-11D3-BF4B-00C04F79EFBC}") = "Reflection", "Reflection\Reflection.csproj", "{540F6EC0-EE8C-49EF-B8BA-56484FCFF630}"
EndProject
Project("{FAE04EC0-301F-11D3-BF4B-00C04F79EFBC}") = "001_Type", "001_Type\001_Type.csproj", "{3D723519-49B9-48ED-A809-C8DCB6BE89E5}"
EndProject
Project("{FAE04EC0-301F-11D3-BF4B-00C04F79EFBC}") = "002_PropertyInfo", "002_PropertyInfo\002_PropertyInfo.csproj", "{750AAC12-B0D7-4375-8DFB-7DE3A9B02C05}"
EndProject
Project("{FAE04EC0-301F-11D3-BF4B-00C04F79EFBC}") = "003_MethodInfo", "003_MethodInfo\003_MethodInfo.csproj", "{4CE5D38C-F963-4B8C-8435-8D9E456D756B}"
EndProject
Project("{FAE04EC0-301F-11D3-BF4B-00C04F79EFBC}") = "SetValue", "SetValue\SetValue.csproj", "{1CDCB4FA-84DF-42A6-8011-706688BF6F77}"
EndProject
Global
	GlobalSection(SolutionConfigurationPlatforms) = preSolution
		Debug|Any CPU = Debug|Any CPU
		Release|Any CPU = Release|Any CPU
	EndGlobalSection
	GlobalSection(ProjectConfigurationPlatforms) = postSolution
		{540F6EC0-EE8C-49EF-B8BA-56484FCFF630}.Debug|Any CPU.ActiveCfg = Debug|Any CPU
		{540F6EC0-EE8C-49EF-B8BA-56484FCFF630}.Debug|Any CPU.Build.0 = Debug|Any CPU
		{540F6EC0-EE8C-49EF-B8BA-56484FCFF630}.Release|Any CPU.ActiveCfg = Release|Any CPU
		{540F6EC0-EE8C-49EF-B8BA-56484FCFF630}.Release|Any CPU.Build.0 = Release|Any CPU
		{3D723519-49B9-48ED-A809-C8DCB6BE89E5}.Debug|Any CPU.ActiveCfg = Debug|Any CPU
		{3D723519-49B9-48ED-A809-C8DCB6BE89E5}.Debug|Any CPU.Build.0 = Debug|Any CPU
		{3D723519-49B9-48ED-A809-C8DCB6BE89E5}.Release|Any CPU.ActiveCfg = Release|Any CPU
		{3D723519-49B9-48ED-A809-C8DCB6BE89E5}.Release|Any CPU.Build.0 = Release|Any CPU
		{750AAC12-B0D7-4375-8DFB-7DE3A9B02C05}.Debug|Any CPU.ActiveCfg = Debug|Any CPU
		{750AAC12-B0D7-4375-8DFB-7DE3A9B02C05}.Debug|Any CPU.Build.0 = Debug|Any CPU
		{750AAC12-B0D7-4375-8DFB-7DE3A9B02C05}.Release|Any CPU.ActiveCfg = Release|Any CPU
		{750AAC12-B0D7-4375-8DFB-7DE3A9B02C05}.Release|Any CPU.Build.0 = Release|Any CPU
		{4CE5D38C-F963-4B8C-8435-8D9E456D756B}.Debug|Any CPU.ActiveCfg = Debug|Any CPU
		{4CE5D38C-F963-4B8C-8435-8D9E456D756B}.Debug|Any CPU.Build.0 = Debug|Any CPU
		{4CE5D38C-F963-4B8C-8435-8D9E456D756B}.Release|Any CPU.ActiveCfg = Release|Any CPU
		{4CE5D38C-F963-4B8C-8435-8D9E456D756B}.Release|Any CPU.Build.0 = Release|Any CPU
		{1CDCB4FA-84DF-42A6-8011-706688BF6F77}.Debug|Any CPU.ActiveCfg = Debug|Any CPU
		{1CDCB4FA-84DF-42A6-8011-706688BF6F77}.Debug|Any CPU.Build.0 = Debug|Any CPU
		{1CDCB4FA-84DF-42A6-8011-706688BF6F77}.Release|Any CPU.ActiveCfg = Release|Any CPU
		{1CDCB4FA-84DF-42A6-8011-706688BF6F77}.Release|Any CPU.Build.0 = Release|Any CPU
	EndGlobalSection
	GlobalSection(SolutionProperties) = preSolution
		HideSolutionNode = FALSE
	EndGlobalSection
	GlobalSection(ExtensibilityGlobals) = postSolution
		SolutionGuid = {2CFF92CE-E428-4FA7-9424-EB6615D0BC8D}
	EndGlobalSection
EndGlobal
